
Microsoft Visual Studio Solution File, Format Version 12.00
# Visual Studio Version 16
VisualStudioVersion = 16.0.30804.86
MinimumVisualStudioVersion = 10.0.40219.1
Project("{8BC9CEB8-8B4A-11D0-8D11-00A0C91BC942}") = "Kattis", "Kattis\Kattis.vcxproj", "{65EE7F10-9942-4D56-AF3F-C015C522D437}"
EndProject
Project("{8BC9CEB8-8B4A-11D0-8D11-00A0C91BC942}") = "Codeforces", "Codeforces\Codeforces.vcxproj", "{A6EDB0BC-4A8F-4038-B401-AFBD4378F83D}"
EndProject
Project("{8BC9CEB8-8B4A-11D0-8D11-00A0C91BC942}") = "Algorithms and Data Structures", "Algorithms and Data Structures\Algorithms and Data Structures.vcxproj", "{17389970-4D92-4D4F-93E4-B76F21CB0711}"
EndProject
Project("{8BC9CEB8-8B4A-11D0-8D11-00A0C91BC942}") = "Template", "Template\Template.vcxproj", "{BADFAC0D-2C2A-4C74-9557-7D273B90E4B5}"
EndProject
Global
	GlobalSection(SolutionConfigurationPlatforms) = preSolution
		Debug|x64 = Debug|x64
		Debug|x86 = Debug|x86
		Release|x64 = Release|x64
		Release|x86 = Release|x86
	EndGlobalSection
	GlobalSection(ProjectConfigurationPlatforms) = postSolution
		{65EE7F10-9942-4D56-AF3F-C015C522D437}.Debug|x64.ActiveCfg = Debug|x64
		{65EE7F10-9942-4D56-AF3F-C015C522D437}.Debug|x64.Build.0 = Debug|x64
		{65EE7F10-9942-4D56-AF3F-C015C522D437}.Debug|x86.ActiveCfg = Debug|Win32
		{65EE7F10-9942-4D56-AF3F-C015C522D437}.Debug|x86.Build.0 = Debug|Win32
		{65EE7F10-9942-4D56-AF3F-C015C522D437}.Release|x64.ActiveCfg = Release|x64
		{65EE7F10-9942-4D56-AF3F-C015C522D437}.Release|x64.Build.0 = Release|x64
		{65EE7F10-9942-4D56-AF3F-C015C522D437}.Release|x86.ActiveCfg = Release|Win32
		{65EE7F10-9942-4D56-AF3F-C015C522D437}.Release|x86.Build.0 = Release|Win32
		{A6EDB0BC-4A8F-4038-B401-AFBD4378F83D}.Debug|x64.ActiveCfg = Debug|x64
		{A6EDB0BC-4A8F-4038-B401-AFBD4378F83D}.Debug|x64.Build.0 = Debug|x64
		{A6EDB0BC-4A8F-4038-B401-AFBD4378F83D}.Debug|x86.ActiveCfg = Debug|Win32
		{A6EDB0BC-4A8F-4038-B401-AFBD4378F83D}.Debug|x86.Build.0 = Debug|Win32
		{A6EDB0BC-4A8F-4038-B401-AFBD4378F83D}.Release|x64.ActiveCfg = Release|x64
		{A6EDB0BC-4A8F-4038-B401-AFBD4378F83D}.Release|x64.Build.0 = Release|x64
		{A6EDB0BC-4A8F-4038-B401-AFBD4378F83D}.Release|x86.ActiveCfg = Release|Win32
		{A6EDB0BC-4A8F-4038-B401-AFBD4378F83D}.Release|x86.Build.0 = Release|Win32
		{17389970-4D92-4D4F-93E4-B76F21CB0711}.Debug|x64.ActiveCfg = Debug|x64
		{17389970-4D92-4D4F-93E4-B76F21CB0711}.Debug|x64.Build.0 = Debug|x64
		{17389970-4D92-4D4F-93E4-B76F21CB0711}.Debug|x86.ActiveCfg = Debug|Win32
		{17389970-4D92-4D4F-93E4-B76F21CB0711}.Debug|x86.Build.0 = Debug|Win32
		{17389970-4D92-4D4F-93E4-B76F21CB0711}.Release|x64.ActiveCfg = Release|x64
		{17389970-4D92-4D4F-93E4-B76F21CB0711}.Release|x64.Build.0 = Release|x64
		{17389970-4D92-4D4F-93E4-B76F21CB0711}.Release|x86.ActiveCfg = Release|Win32
		{17389970-4D92-4D4F-93E4-B76F21CB0711}.Release|x86.Build.0 = Release|Win32
		{BADFAC0D-2C2A-4C74-9557-7D273B90E4B5}.Debug|x64.ActiveCfg = Debug|x64
		{BADFAC0D-2C2A-4C74-9557-7D273B90E4B5}.Debug|x64.Build.0 = Debug|x64
		{BADFAC0D-2C2A-4C74-9557-7D273B90E4B5}.Debug|x86.ActiveCfg = Debug|Win32
		{BADFAC0D-2C2A-4C74-9557-7D273B90E4B5}.Debug|x86.Build.0 = Debug|Win32
		{BADFAC0D-2C2A-4C74-9557-7D273B90E4B5}.Release|x64.ActiveCfg = Release|x64
		{BADFAC0D-2C2A-4C74-9557-7D273B90E4B5}.Release|x64.Build.0 = Release|x64
		{BADFAC0D-2C2A-4C74-9557-7D273B90E4B5}.Release|x86.ActiveCfg = Release|Win32
		{BADFAC0D-2C2A-4C74-9557-7D273B90E4B5}.Release|x86.Build.0 = Release|Win32
	EndGlobalSection
	GlobalSection(SolutionProperties) = preSolution
		HideSolutionNode = FALSE
	EndGlobalSection
	GlobalSection(ExtensibilityGlobals) = postSolution
		SolutionGuid = {60F58782-6A12-4209-BC23-F7BDEC949290}
	EndGlobalSection
EndGlobal
